// !$*UTF8*$!
{
	archiveVersion = 1;
	classes = {
	};
	objectVersion = 56;
	objects = {

/* Begin PBXBuildFile section */
		4AC719B92A16CF1A00493637 /* SwiftyPing in Frameworks */ = {isa = PBXBuildFile; productRef = 4AC719B82A16CF1A00493637 /* SwiftyPing */; };
		4AC719C12A16D99B00493637 /* AppDelegate.swift in Sources */ = {isa = PBXBuildFile; fileRef = 4AC719C02A16D99B00493637 /* AppDelegate.swift */; };
		4AC719CE2A16DBC000493637 /* main.swift in Sources */ = {isa = PBXBuildFile; fileRef = 4AC719CD2A16DBC000493637 /* main.swift */; };
		4AC719D02A16DC8B00493637 /* linkqHelper.app in CopyFiles */ = {isa = PBXBuildFile; fileRef = 4AC719BE2A16D99B00493637 /* linkqHelper.app */; settings = {ATTRIBUTES = (RemoveHeadersOnCopy, ); }; };
		4AC719D32A16DCAA00493637 /* ServiceManagement.framework in Frameworks */ = {isa = PBXBuildFile; fileRef = 4AC719D22A16DCAA00493637 /* ServiceManagement.framework */; };
		4AC719D52A16E12200493637 /* StatusBarController.swift in Sources */ = {isa = PBXBuildFile; fileRef = 4AC719D42A16E12200493637 /* StatusBarController.swift */; };
		4ACFC8912A06F2A900D4053E /* linkqApp.swift in Sources */ = {isa = PBXBuildFile; fileRef = 4ACFC8902A06F2A900D4053E /* linkqApp.swift */; };
		4ACFC8952A06F2AA00D4053E /* Assets.xcassets in Resources */ = {isa = PBXBuildFile; fileRef = 4ACFC8942A06F2AA00D4053E /* Assets.xcassets */; };
		4ACFC8982A06F2AA00D4053E /* Preview Assets.xcassets in Resources */ = {isa = PBXBuildFile; fileRef = 4ACFC8972A06F2AA00D4053E /* Preview Assets.xcassets */; };
/* End PBXBuildFile section */

/* Begin PBXCopyFilesBuildPhase section */
		4AC719CF2A16DC4D00493637 /* CopyFiles */ = {
			isa = PBXCopyFilesBuildPhase;
			buildActionMask = 2147483647;
			dstPath = Contents/Library/LoginItems;
			dstSubfolderSpec = 1;
			files = (
				4AC719D02A16DC8B00493637 /* linkqHelper.app in CopyFiles */,
			);
			runOnlyForDeploymentPostprocessing = 0;
		};
/* End PBXCopyFilesBuildPhase section */

/* Begin PBXFileReference section */
		4AC719BE2A16D99B00493637 /* linkqHelper.app */ = {isa = PBXFileReference; explicitFileType = wrapper.application; includeInIndex = 0; path = linkqHelper.app; sourceTree = BUILT_PRODUCTS_DIR; };
		4AC719C02A16D99B00493637 /* AppDelegate.swift */ = {isa = PBXFileReference; lastKnownFileType = sourcecode.swift; path = AppDelegate.swift; sourceTree = "<group>"; };
		4AC719C92A16D99C00493637 /* linkqHelper.entitlements */ = {isa = PBXFileReference; lastKnownFileType = text.plist.entitlements; path = linkqHelper.entitlements; sourceTree = "<group>"; };
		4AC719CD2A16DBC000493637 /* main.swift */ = {isa = PBXFileReference; lastKnownFileType = sourcecode.swift; path = main.swift; sourceTree = "<group>"; };
		4AC719D22A16DCAA00493637 /* ServiceManagement.framework */ = {isa = PBXFileReference; lastKnownFileType = wrapper.framework; name = ServiceManagement.framework; path = System/Library/Frameworks/ServiceManagement.framework; sourceTree = SDKROOT; };
		4AC719D42A16E12200493637 /* StatusBarController.swift */ = {isa = PBXFileReference; lastKnownFileType = sourcecode.swift; path = StatusBarController.swift; sourceTree = "<group>"; };
		4ACFC88D2A06F2A900D4053E /* linkq.app */ = {isa = PBXFileReference; explicitFileType = wrapper.application; includeInIndex = 0; path = linkq.app; sourceTree = BUILT_PRODUCTS_DIR; };
		4ACFC8902A06F2A900D4053E /* linkqApp.swift */ = {isa = PBXFileReference; lastKnownFileType = sourcecode.swift; path = linkqApp.swift; sourceTree = "<group>"; };
		4ACFC8942A06F2AA00D4053E /* Assets.xcassets */ = {isa = PBXFileReference; lastKnownFileType = folder.assetcatalog; path = Assets.xcassets; sourceTree = "<group>"; };
		4ACFC8972A06F2AA00D4053E /* Preview Assets.xcassets */ = {isa = PBXFileReference; lastKnownFileType = folder.assetcatalog; path = "Preview Assets.xcassets"; sourceTree = "<group>"; };
		4ACFC8992A06F2AA00D4053E /* linkq.entitlements */ = {isa = PBXFileReference; lastKnownFileType = text.plist.entitlements; path = linkq.entitlements; sourceTree = "<group>"; };
/* End PBXFileReference section */

/* Begin PBXFrameworksBuildPhase section */
		4AC719BB2A16D99A00493637 /* Frameworks */ = {
			isa = PBXFrameworksBuildPhase;
			buildActionMask = 2147483647;
			files = (
			);
			runOnlyForDeploymentPostprocessing = 0;
		};
		4ACFC88A2A06F2A900D4053E /* Frameworks */ = {
			isa = PBXFrameworksBuildPhase;
			buildActionMask = 2147483647;
			files = (
				4AC719B92A16CF1A00493637 /* SwiftyPing in Frameworks */,
				4AC719D32A16DCAA00493637 /* ServiceManagement.framework in Frameworks */,
			);
			runOnlyForDeploymentPostprocessing = 0;
		};
/* End PBXFrameworksBuildPhase section */

/* Begin PBXGroup section */
		4AC719BF2A16D99B00493637 /* linkqHelper */ = {
			isa = PBXGroup;
			children = (
				4AC719C02A16D99B00493637 /* AppDelegate.swift */,
				4AC719C92A16D99C00493637 /* linkqHelper.entitlements */,
				4AC719CD2A16DBC000493637 /* main.swift */,
			);
			path = linkqHelper;
			sourceTree = "<group>";
		};
		4AC719D12A16DCAA00493637 /* Frameworks */ = {
			isa = PBXGroup;
			children = (
				4AC719D22A16DCAA00493637 /* ServiceManagement.framework */,
			);
			name = Frameworks;
			sourceTree = "<group>";
		};
		4ACFC8842A06F2A900D4053E = {
			isa = PBXGroup;
			children = (
				4ACFC88F2A06F2A900D4053E /* linkq */,
				4AC719BF2A16D99B00493637 /* linkqHelper */,
				4ACFC88E2A06F2A900D4053E /* Products */,
				4AC719D12A16DCAA00493637 /* Frameworks */,
			);
			sourceTree = "<group>";
		};
		4ACFC88E2A06F2A900D4053E /* Products */ = {
			isa = PBXGroup;
			children = (
				4ACFC88D2A06F2A900D4053E /* linkq.app */,
				4AC719BE2A16D99B00493637 /* linkqHelper.app */,
			);
			name = Products;
			sourceTree = "<group>";
		};
		4ACFC88F2A06F2A900D4053E /* linkq */ = {
			isa = PBXGroup;
			children = (
				4ACFC8902A06F2A900D4053E /* linkqApp.swift */,
				4ACFC8942A06F2AA00D4053E /* Assets.xcassets */,
				4ACFC8992A06F2AA00D4053E /* linkq.entitlements */,
				4ACFC8962A06F2AA00D4053E /* Preview Content */,
				4AC719D42A16E12200493637 /* StatusBarController.swift */,
			);
			path = linkq;
			sourceTree = "<group>";
		};
		4ACFC8962A06F2AA00D4053E /* Preview Content */ = {
			isa = PBXGroup;
			children = (
				4ACFC8972A06F2AA00D4053E /* Preview Assets.xcassets */,
			);
			path = "Preview Content";
			sourceTree = "<group>";
		};
/* End PBXGroup section */

/* Begin PBXNativeTarget section */
		4AC719BD2A16D99A00493637 /* linkqHelper */ = {
			isa = PBXNativeTarget;
			buildConfigurationList = 4AC719CA2A16D99C00493637 /* Build configuration list for PBXNativeTarget "linkqHelper" */;
			buildPhases = (
				4AC719BA2A16D99A00493637 /* Sources */,
				4AC719BB2A16D99A00493637 /* Frameworks */,
				4AC719BC2A16D99A00493637 /* Resources */,
			);
			buildRules = (
			);
			dependencies = (
			);
			name = linkqHelper;
			productName = linkqHelper;
			productReference = 4AC719BE2A16D99B00493637 /* linkqHelper.app */;
			productType = "com.apple.product-type.application";
		};
		4ACFC88C2A06F2A900D4053E /* linkq */ = {
			isa = PBXNativeTarget;
			buildConfigurationList = 4ACFC89C2A06F2AA00D4053E /* Build configuration list for PBXNativeTarget "linkq" */;
			buildPhases = (
				4ACFC8892A06F2A900D4053E /* Sources */,
				4ACFC88A2A06F2A900D4053E /* Frameworks */,
				4ACFC88B2A06F2A900D4053E /* Resources */,
				4AC719CF2A16DC4D00493637 /* CopyFiles */,
			);
			buildRules = (
			);
			dependencies = (
			);
			name = linkq;
			packageProductDependencies = (
				4AC719B82A16CF1A00493637 /* SwiftyPing */,
			);
			productName = linkq;
			productReference = 4ACFC88D2A06F2A900D4053E /* linkq.app */;
			productType = "com.apple.product-type.application";
		};
/* End PBXNativeTarget section */

/* Begin PBXProject section */
		4ACFC8852A06F2A900D4053E /* Project object */ = {
			isa = PBXProject;
			attributes = {
				BuildIndependentTargetsInParallel = 1;
				LastSwiftUpdateCheck = 1430;
				LastUpgradeCheck = 1430;
				TargetAttributes = {
					4AC719BD2A16D99A00493637 = {
						CreatedOnToolsVersion = 14.3;
					};
					4ACFC88C2A06F2A900D4053E = {
						CreatedOnToolsVersion = 14.3;
					};
				};
			};
			buildConfigurationList = 4ACFC8882A06F2A900D4053E /* Build configuration list for PBXProject "linkq" */;
			compatibilityVersion = "Xcode 14.0";
			developmentRegion = en;
			hasScannedForEncodings = 0;
			knownRegions = (
				en,
				Base,
			);
			mainGroup = 4ACFC8842A06F2A900D4053E;
			packageReferences = (
				4AC719B72A16CF1A00493637 /* XCRemoteSwiftPackageReference "SwiftyPing" */,
			);
			productRefGroup = 4ACFC88E2A06F2A900D4053E /* Products */;
			projectDirPath = "";
			projectRoot = "";
			targets = (
				4ACFC88C2A06F2A900D4053E /* linkq */,
				4AC719BD2A16D99A00493637 /* linkqHelper */,
			);
		};
/* End PBXProject section */

/* Begin PBXResourcesBuildPhase section */
		4AC719BC2A16D99A00493637 /* Resources */ = {
			isa = PBXResourcesBuildPhase;
			buildActionMask = 2147483647;
			files = (
			);
			runOnlyForDeploymentPostprocessing = 0;
		};
		4ACFC88B2A06F2A900D4053E /* Resources */ = {
			isa = PBXResourcesBuildPhase;
			buildActionMask = 2147483647;
			files = (
				4ACFC8982A06F2AA00D4053E /* Preview Assets.xcassets in Resources */,
				4ACFC8952A06F2AA00D4053E /* Assets.xcassets in Resources */,
			);
			runOnlyForDeploymentPostprocessing = 0;
		};
/* End PBXResourcesBuildPhase section */

/* Begin PBXSourcesBuildPhase section */
		4AC719BA2A16D99A00493637 /* Sources */ = {
			isa = PBXSourcesBuildPhase;
			buildActionMask = 2147483647;
			files = (
				4AC719CE2A16DBC000493637 /* main.swift in Sources */,
				4AC719C12A16D99B00493637 /* AppDelegate.swift in Sources */,
			);
			runOnlyForDeploymentPostprocessing = 0;
		};
		4ACFC8892A06F2A900D4053E /* Sources */ = {
			isa = PBXSourcesBuildPhase;
			buildActionMask = 2147483647;
			files = (
				4AC719D52A16E12200493637 /* StatusBarController.swift in Sources */,
				4ACFC8912A06F2A900D4053E /* linkqApp.swift in Sources */,
			);
			runOnlyForDeploymentPostprocessing = 0;
		};
/* End PBXSourcesBuildPhase section */

/* Begin XCBuildConfiguration section */
		4AC719CB2A16D99C00493637 /* Debug */ = {
			isa = XCBuildConfiguration;
			buildSettings = {
				ASSETCATALOG_COMPILER_APPICON_NAME = AppIcon;
				ASSETCATALOG_COMPILER_GLOBAL_ACCENT_COLOR_NAME = AccentColor;
				CODE_SIGN_ENTITLEMENTS = linkqHelper/linkqHelper.entitlements;
				CODE_SIGN_STYLE = Automatic;
				COMBINE_HIDPI_IMAGES = YES;
				CURRENT_PROJECT_VERSION = 2;
				DEVELOPMENT_TEAM = ZRB8WDV435;
				ENABLE_HARDENED_RUNTIME = YES;
				GENERATE_INFOPLIST_FILE = YES;
				INFOPLIST_KEY_LSApplicationCategoryType = "public.app-category.utilities";
				INFOPLIST_KEY_LSBackgroundOnly = YES;
				INFOPLIST_KEY_NSHumanReadableCopyright = "";
				INFOPLIST_KEY_NSPrincipalClass = NSApplication;
				LD_RUNPATH_SEARCH_PATHS = (
					"$(inherited)",
					"@executable_path/../Frameworks",
				);
				MACOSX_DEPLOYMENT_TARGET = 12.0;
				MARKETING_VERSION = 1.0.1;
				PRODUCT_BUNDLE_IDENTIFIER = com.notfullin.linkqHelper;
				PRODUCT_NAME = "$(TARGET_NAME)";
				SKIP_INSTALL = YES;
				SWIFT_EMIT_LOC_STRINGS = YES;
				SWIFT_VERSION = 5.0;
			};
			name = Debug;
		};
		4AC719CC2A16D99C00493637 /* Release */ = {
			isa = XCBuildConfiguration;
			buildSettings = {
				ASSETCATALOG_COMPILER_APPICON_NAME = AppIcon;
				ASSETCATALOG_COMPILER_GLOBAL_ACCENT_COLOR_NAME = AccentColor;
				CODE_SIGN_ENTITLEMENTS = linkqHelper/linkqHelper.entitlements;
				CODE_SIGN_STYLE = Automatic;
				COMBINE_HIDPI_IMAGES = YES;
				CURRENT_PROJECT_VERSION = 2;
				DEVELOPMENT_TEAM = ZRB8WDV435;
				ENABLE_HARDENED_RUNTIME = YES;
				GENERATE_INFOPLIST_FILE = YES;
				INFOPLIST_KEY_LSApplicationCategoryType = "public.app-category.utilities";
				INFOPLIST_KEY_LSBackgroundOnly = YES;
				INFOPLIST_KEY_NSHumanReadableCopyright = "";
				INFOPLIST_KEY_NSPrincipalClass = NSApplication;
				LD_RUNPATH_SEARCH_PATHS = (
					"$(inherited)",
					"@executable_path/../Frameworks",
				);
				MACOSX_DEPLOYMENT_TARGET = 12.0;
				MARKETING_VERSION = 1.0.1;
				PRODUCT_BUNDLE_IDENTIFIER = com.notfullin.linkqHelper;
				PRODUCT_NAME = "$(TARGET_NAME)";
				SKIP_INSTALL = YES;
				SWIFT_EMIT_LOC_STRINGS = YES;
				SWIFT_VERSION = 5.0;
			};
			name = Release;
		};
		4ACFC89A2A06F2AA00D4053E /* Debug */ = {
			isa = XCBuildConfiguration;
			buildSettings = {
				ALWAYS_SEARCH_USER_PATHS = NO;
				CLANG_ANALYZER_NONNULL = YES;
				CLANG_ANALYZER_NUMBER_OBJECT_CONVERSION = YES_AGGRESSIVE;
				CLANG_CXX_LANGUAGE_STANDARD = "gnu++20";
				CLANG_ENABLE_MODULES = YES;
				CLANG_ENABLE_OBJC_ARC = YES;
				CLANG_ENABLE_OBJC_WEAK = YES;
				CLANG_WARN_BLOCK_CAPTURE_AUTORELEASING = YES;
				CLANG_WARN_BOOL_CONVERSION = YES;
				CLANG_WARN_COMMA = YES;
				CLANG_WARN_CONSTANT_CONVERSION = YES;
				CLANG_WARN_DEPRECATED_OBJC_IMPLEMENTATIONS = YES;
				CLANG_WARN_DIRECT_OBJC_ISA_USAGE = YES_ERROR;
				CLANG_WARN_DOCUMENTATION_COMMENTS = YES;
				CLANG_WARN_EMPTY_BODY = YES;
				CLANG_WARN_ENUM_CONVERSION = YES;
				CLANG_WARN_INFINITE_RECURSION = YES;
				CLANG_WARN_INT_CONVERSION = YES;
				CLANG_WARN_NON_LITERAL_NULL_CONVERSION = YES;
				CLANG_WARN_OBJC_IMPLICIT_RETAIN_SELF = YES;
				CLANG_WARN_OBJC_LITERAL_CONVERSION = YES;
				CLANG_WARN_OBJC_ROOT_CLASS = YES_ERROR;
				CLANG_WARN_QUOTED_INCLUDE_IN_FRAMEWORK_HEADER = YES;
				CLANG_WARN_RANGE_LOOP_ANALYSIS = YES;
				CLANG_WARN_STRICT_PROTOTYPES = YES;
				CLANG_WARN_SUSPICIOUS_MOVE = YES;
				CLANG_WARN_UNGUARDED_AVAILABILITY = YES_AGGRESSIVE;
				CLANG_WARN_UNREACHABLE_CODE = YES;
				CLANG_WARN__DUPLICATE_METHOD_MATCH = YES;
				COPY_PHASE_STRIP = NO;
				DEBUG_INFORMATION_FORMAT = dwarf;
				ENABLE_STRICT_OBJC_MSGSEND = YES;
				ENABLE_TESTABILITY = YES;
				GCC_C_LANGUAGE_STANDARD = gnu11;
				GCC_DYNAMIC_NO_PIC = NO;
				GCC_NO_COMMON_BLOCKS = YES;
				GCC_OPTIMIZATION_LEVEL = 0;
				GCC_PREPROCESSOR_DEFINITIONS = (
					"DEBUG=1",
					"$(inherited)",
				);
				GCC_WARN_64_TO_32_BIT_CONVERSION = YES;
				GCC_WARN_ABOUT_RETURN_TYPE = YES_ERROR;
				GCC_WARN_UNDECLARED_SELECTOR = YES;
				GCC_WARN_UNINITIALIZED_AUTOS = YES_AGGRESSIVE;
				GCC_WARN_UNUSED_FUNCTION = YES;
				GCC_WARN_UNUSED_VARIABLE = YES;
				MACOSX_DEPLOYMENT_TARGET = 12.0;
				MTL_ENABLE_DEBUG_INFO = INCLUDE_SOURCE;
				MTL_FAST_MATH = YES;
				ONLY_ACTIVE_ARCH = YES;
				SDKROOT = macosx;
				SWIFT_ACTIVE_COMPILATION_CONDITIONS = DEBUG;
				SWIFT_OPTIMIZATION_LEVEL = "-Onone";
			};
			name = Debug;
		};
		4ACFC89B2A06F2AA00D4053E /* Release */ = {
			isa = XCBuildConfiguration;
			buildSettings = {
				ALWAYS_SEARCH_USER_PATHS = NO;
				CLANG_ANALYZER_NONNULL = YES;
				CLANG_ANALYZER_NUMBER_OBJECT_CONVERSION = YES_AGGRESSIVE;
				CLANG_CXX_LANGUAGE_STANDARD = "gnu++20";
				CLANG_ENABLE_MODULES = YES;
				CLANG_ENABLE_OBJC_ARC = YES;
				CLANG_ENABLE_OBJC_WEAK = YES;
				CLANG_WARN_BLOCK_CAPTURE_AUTORELEASING = YES;
				CLANG_WARN_BOOL_CONVERSION = YES;
				CLANG_WARN_COMMA = YES;
				CLANG_WARN_CONSTANT_CONVERSION = YES;
				CLANG_WARN_DEPRECATED_OBJC_IMPLEMENTATIONS = YES;
				CLANG_WARN_DIRECT_OBJC_ISA_USAGE = YES_ERROR;
				CLANG_WARN_DOCUMENTATION_COMMENTS = YES;
				CLANG_WARN_EMPTY_BODY = YES;
				CLANG_WARN_ENUM_CONVERSION = YES;
				CLANG_WARN_INFINITE_RECURSION = YES;
				CLANG_WARN_INT_CONVERSION = YES;
				CLANG_WARN_NON_LITERAL_NULL_CONVERSION = YES;
				CLANG_WARN_OBJC_IMPLICIT_RETAIN_SELF = YES;
				CLANG_WARN_OBJC_LITERAL_CONVERSION = YES;
				CLANG_WARN_OBJC_ROOT_CLASS = YES_ERROR;
				CLANG_WARN_QUOTED_INCLUDE_IN_FRAMEWORK_HEADER = YES;
				CLANG_WARN_RANGE_LOOP_ANALYSIS = YES;
				CLANG_WARN_STRICT_PROTOTYPES = YES;
				CLANG_WARN_SUSPICIOUS_MOVE = YES;
				CLANG_WARN_UNGUARDED_AVAILABILITY = YES_AGGRESSIVE;
				CLANG_WARN_UNREACHABLE_CODE = YES;
				CLANG_WARN__DUPLICATE_METHOD_MATCH = YES;
				COPY_PHASE_STRIP = NO;
				DEBUG_INFORMATION_FORMAT = "dwarf-with-dsym";
				ENABLE_NS_ASSERTIONS = NO;
				ENABLE_STRICT_OBJC_MSGSEND = YES;
				GCC_C_LANGUAGE_STANDARD = gnu11;
				GCC_NO_COMMON_BLOCKS = YES;
				GCC_WARN_64_TO_32_BIT_CONVERSION = YES;
				GCC_WARN_ABOUT_RETURN_TYPE = YES_ERROR;
				GCC_WARN_UNDECLARED_SELECTOR = YES;
				GCC_WARN_UNINITIALIZED_AUTOS = YES_AGGRESSIVE;
				GCC_WARN_UNUSED_FUNCTION = YES;
				GCC_WARN_UNUSED_VARIABLE = YES;
				MACOSX_DEPLOYMENT_TARGET = 12.0;
				MTL_ENABLE_DEBUG_INFO = NO;
				MTL_FAST_MATH = YES;
				SDKROOT = macosx;
				SWIFT_COMPILATION_MODE = wholemodule;
				SWIFT_OPTIMIZATION_LEVEL = "-O";
			};
			name = Release;
		};
		4ACFC89D2A06F2AA00D4053E /* Debug */ = {
			isa = XCBuildConfiguration;
			buildSettings = {
				ASSETCATALOG_COMPILER_APPICON_NAME = AppIcon;
				ASSETCATALOG_COMPILER_GLOBAL_ACCENT_COLOR_NAME = AccentColor;
				CODE_SIGN_ENTITLEMENTS = linkq/linkq.entitlements;
				CODE_SIGN_STYLE = Automatic;
				COMBINE_HIDPI_IMAGES = YES;
				CURRENT_PROJECT_VERSION = 2;
				DEVELOPMENT_ASSET_PATHS = "\"linkq/Preview Content\"";
				DEVELOPMENT_TEAM = ZRB8WDV435;
				ENABLE_HARDENED_RUNTIME = YES;
				ENABLE_PREVIEWS = YES;
				GENERATE_INFOPLIST_FILE = YES;
				INFOPLIST_KEY_LSApplicationCategoryType = "public.app-category.utilities";
				INFOPLIST_KEY_LSBackgroundOnly = YES;
				INFOPLIST_KEY_NSHumanReadableCopyright = "";
				LD_RUNPATH_SEARCH_PATHS = (
					"$(inherited)",
					"@executable_path/../Frameworks",
				);
				MACOSX_DEPLOYMENT_TARGET = 12.0;
				MARKETING_VERSION = 1.0.1;
				PRODUCT_BUNDLE_IDENTIFIER = com.notfullin.linkq;
				PRODUCT_NAME = "$(TARGET_NAME)";
				SWIFT_EMIT_LOC_STRINGS = YES;
				SWIFT_VERSION = 5.0;
			};
			name = Debug;
		};
		4ACFC89E2A06F2AA00D4053E /* Release */ = {
			isa = XCBuildConfiguration;
			buildSettings = {
				ASSETCATALOG_COMPILER_APPICON_NAME = AppIcon;
				ASSETCATALOG_COMPILER_GLOBAL_ACCENT_COLOR_NAME = AccentColor;
				CODE_SIGN_ENTITLEMENTS = linkq/linkq.entitlements;
				CODE_SIGN_STYLE = Automatic;
				COMBINE_HIDPI_IMAGES = YES;
				CURRENT_PROJECT_VERSION = 2;
				DEVELOPMENT_ASSET_PATHS = "\"linkq/Preview Content\"";
				DEVELOPMENT_TEAM = ZRB8WDV435;
				ENABLE_HARDENED_RUNTIME = YES;
				ENABLE_PREVIEWS = YES;
				GENERATE_INFOPLIST_FILE = YES;
				INFOPLIST_KEY_LSApplicationCategoryType = "public.app-category.utilities";
				INFOPLIST_KEY_LSBackgroundOnly = YES;
				INFOPLIST_KEY_NSHumanReadableCopyright = "";
				LD_RUNPATH_SEARCH_PATHS = (
					"$(inherited)",
					"@executable_path/../Frameworks",
				);
				MACOSX_DEPLOYMENT_TARGET = 12.0;
				MARKETING_VERSION = 1.0.1;
				PRODUCT_BUNDLE_IDENTIFIER = com.notfullin.linkq;
				PRODUCT_NAME = "$(TARGET_NAME)";
				SWIFT_EMIT_LOC_STRINGS = YES;
				SWIFT_VERSION = 5.0;
			};
			name = Release;
		};
/* End XCBuildConfiguration section */

/* Begin XCConfigurationList section */
		4AC719CA2A16D99C00493637 /* Build configuration list for PBXNativeTarget "linkqHelper" */ = {
			isa = XCConfigurationList;
			buildConfigurations = (
				4AC719CB2A16D99C00493637 /* Debug */,
				4AC719CC2A16D99C00493637 /* Release */,
			);
			defaultConfigurationIsVisible = 0;
			defaultConfigurationName = Release;
		};
		4ACFC8882A06F2A900D4053E /* Build configuration list for PBXProject "linkq" */ = {
			isa = XCConfigurationList;
			buildConfigurations = (
				4ACFC89A2A06F2AA00D4053E /* Debug */,
				4ACFC89B2A06F2AA00D4053E /* Release */,
			);
			defaultConfigurationIsVisible = 0;
			defaultConfigurationName = Release;
		};
		4ACFC89C2A06F2AA00D4053E /* Build configuration list for PBXNativeTarget "linkq" */ = {
			isa = XCConfigurationList;
			buildConfigurations = (
				4ACFC89D2A06F2AA00D4053E /* Debug */,
				4ACFC89E2A06F2AA00D4053E /* Release */,
			);
			defaultConfigurationIsVisible = 0;
			defaultConfigurationName = Release;
		};
/* End XCConfigurationList section */

/* Begin XCRemoteSwiftPackageReference section */
		4AC719B72A16CF1A00493637 /* XCRemoteSwiftPackageReference "SwiftyPing" */ = {
			isa = XCRemoteSwiftPackageReference;
			repositoryURL = "https://github.com/samiyr/SwiftyPing.git";
			requirement = {
				branch = master;
				kind = branch;
			};
		};
/* End XCRemoteSwiftPackageReference section */

/* Begin XCSwiftPackageProductDependency section */
		4AC719B82A16CF1A00493637 /* SwiftyPing */ = {
			isa = XCSwiftPackageProductDependency;
			package = 4AC719B72A16CF1A00493637 /* XCRemoteSwiftPackageReference "SwiftyPing" */;
			productName = SwiftyPing;
		};
/* End XCSwiftPackageProductDependency section */
	};
	rootObject = 4ACFC8852A06F2A900D4053E /* Project object */;
}
